
Microsoft Visual Studio Solution File, Format Version 12.00
# Visual Studio Version 16
VisualStudioVersion = 16.0.29806.167
MinimumVisualStudioVersion = 10.0.40219.1
Project("{FAE04EC0-301F-11D3-BF4B-00C04F79EFBC}") = "EasyORM.Core", "EasyORM.Core\EasyORM.Core.csproj", "{1BDA04C9-1A5A-41B2-B8AB-DA60E20A98B7}"
EndProject
Project("{FAE04EC0-301F-11D3-BF4B-00C04F79EFBC}") = "EasyORM.Model", "EasyORM.Model\EasyORM.Model.csproj", "{632FD74B-AB83-4C36-B150-C5FD89E84DA8}"
EndProject
Project("{FAE04EC0-301F-11D3-BF4B-00C04F79EFBC}") = "EasyORM.Interface", "EasyORM.Interface\EasyORM.Interface.csproj", "{805F72EF-651C-4DB1-BD3B-FB1D5A9CEACB}"
EndProject
Project("{2150E333-8FDC-42A3-9474-1A3956D46DE8}") = "Test", "Test", "{E8735C48-6827-401E-A74B-1F43C5044056}"
EndProject
Project("{FAE04EC0-301F-11D3-BF4B-00C04F79EFBC}") = "EasyORM.Service", "EasyORM.Service\EasyORM.Service.csproj", "{EBBF5187-ED13-40D5-9600-DE50D2C61038}"
EndProject
Project("{FAE04EC0-301F-11D3-BF4B-00C04F79EFBC}") = "Test.Sql", "Test.Sql\Test.Sql.csproj", "{1709BA62-399F-4B8A-A04E-6F447BC3738A}"
EndProject
Global
	GlobalSection(SolutionConfigurationPlatforms) = preSolution
		Debug|Any CPU = Debug|Any CPU
		Release|Any CPU = Release|Any CPU
	EndGlobalSection
	GlobalSection(ProjectConfigurationPlatforms) = postSolution
		{1BDA04C9-1A5A-41B2-B8AB-DA60E20A98B7}.Debug|Any CPU.ActiveCfg = Debug|Any CPU
		{1BDA04C9-1A5A-41B2-B8AB-DA60E20A98B7}.Debug|Any CPU.Build.0 = Debug|Any CPU
		{1BDA04C9-1A5A-41B2-B8AB-DA60E20A98B7}.Release|Any CPU.ActiveCfg = Release|Any CPU
		{1BDA04C9-1A5A-41B2-B8AB-DA60E20A98B7}.Release|Any CPU.Build.0 = Release|Any CPU
		{632FD74B-AB83-4C36-B150-C5FD89E84DA8}.Debug|Any CPU.ActiveCfg = Debug|Any CPU
		{632FD74B-AB83-4C36-B150-C5FD89E84DA8}.Debug|Any CPU.Build.0 = Debug|Any CPU
		{632FD74B-AB83-4C36-B150-C5FD89E84DA8}.Release|Any CPU.ActiveCfg = Release|Any CPU
		{632FD74B-AB83-4C36-B150-C5FD89E84DA8}.Release|Any CPU.Build.0 = Release|Any CPU
		{805F72EF-651C-4DB1-BD3B-FB1D5A9CEACB}.Debug|Any CPU.ActiveCfg = Debug|Any CPU
		{805F72EF-651C-4DB1-BD3B-FB1D5A9CEACB}.Debug|Any CPU.Build.0 = Debug|Any CPU
		{805F72EF-651C-4DB1-BD3B-FB1D5A9CEACB}.Release|Any CPU.ActiveCfg = Release|Any CPU
		{805F72EF-651C-4DB1-BD3B-FB1D5A9CEACB}.Release|Any CPU.Build.0 = Release|Any CPU
		{EBBF5187-ED13-40D5-9600-DE50D2C61038}.Debug|Any CPU.ActiveCfg = Debug|Any CPU
		{EBBF5187-ED13-40D5-9600-DE50D2C61038}.Debug|Any CPU.Build.0 = Debug|Any CPU
		{EBBF5187-ED13-40D5-9600-DE50D2C61038}.Release|Any CPU.ActiveCfg = Release|Any CPU
		{EBBF5187-ED13-40D5-9600-DE50D2C61038}.Release|Any CPU.Build.0 = Release|Any CPU
		{1709BA62-399F-4B8A-A04E-6F447BC3738A}.Debug|Any CPU.ActiveCfg = Debug|Any CPU
		{1709BA62-399F-4B8A-A04E-6F447BC3738A}.Debug|Any CPU.Build.0 = Debug|Any CPU
		{1709BA62-399F-4B8A-A04E-6F447BC3738A}.Release|Any CPU.ActiveCfg = Release|Any CPU
		{1709BA62-399F-4B8A-A04E-6F447BC3738A}.Release|Any CPU.Build.0 = Release|Any CPU
	EndGlobalSection
	GlobalSection(SolutionProperties) = preSolution
		HideSolutionNode = FALSE
	EndGlobalSection
	GlobalSection(NestedProjects) = preSolution
		{1709BA62-399F-4B8A-A04E-6F447BC3738A} = {E8735C48-6827-401E-A74B-1F43C5044056}
	EndGlobalSection
	GlobalSection(ExtensibilityGlobals) = postSolution
		SolutionGuid = {482EB896-D5A9-42A3-B5E3-4B4346C46253}
	EndGlobalSection
EndGlobal
